
Microsoft Visual Studio Solution File, Format Version 12.00
# Visual Studio Version 17
VisualStudioVersion = 17.5.33424.131
MinimumVisualStudioVersion = 10.0.40219.1
Project("{FAE04EC0-301F-11D3-BF4B-00C04F79EFBC}") = "Wpf.niic", "Wpf.niic.csproj", "{4193E3F2-21F9-48EC-B868-9248C2660B41}"
EndProject
Global
	GlobalSection(SolutionConfigurationPlatforms) = preSolution
		Debug|Any CPU = Debug|Any CPU
		Release|Any CPU = Release|Any CPU
	EndGlobalSection
	GlobalSection(ProjectConfigurationPlatforms) = postSolution
		{4193E3F2-21F9-48EC-B868-9248C2660B41}.Debug|Any CPU.ActiveCfg = Debug|Any CPU
		{4193E3F2-21F9-48EC-B868-9248C2660B41}.Debug|Any CPU.Build.0 = Debug|Any CPU
		{4193E3F2-21F9-48EC-B868-9248C2660B41}.Release|Any CPU.ActiveCfg = Release|Any CPU
		{4193E3F2-21F9-48EC-B868-9248C2660B41}.Release|Any CPU.Build.0 = Release|Any CPU
	EndGlobalSection
	GlobalSection(SolutionProperties) = preSolution
		HideSolutionNode = FALSE
	EndGlobalSection
	GlobalSection(ExtensibilityGlobals) = postSolution
		SolutionGuid = {75084F6C-E9D3-4016-BD56-C0D37D114DF1}
	EndGlobalSection
EndGlobal
